
Microsoft Visual Studio Solution File, Format Version 12.00
# Visual Studio Version 17
VisualStudioVersion = 17.6.33829.357
MinimumVisualStudioVersion = 10.0.40219.1
Project("{FAE04EC0-301F-11D3-BF4B-00C04F79EFBC}") = "WebApi", "WebApi.csproj", "{D7144AC6-0480-439F-B99B-F7D1A01BD9DD}"
EndProject
Global
	GlobalSection(SolutionConfigurationPlatforms) = preSolution
		Debug|Any CPU = Debug|Any CPU
		Release|Any CPU = Release|Any CPU
	EndGlobalSection
	GlobalSection(ProjectConfigurationPlatforms) = postSolution
		{D7144AC6-0480-439F-B99B-F7D1A01BD9DD}.Debug|Any CPU.ActiveCfg = Debug|Any CPU
		{D7144AC6-0480-439F-B99B-F7D1A01BD9DD}.Debug|Any CPU.Build.0 = Debug|Any CPU
		{D7144AC6-0480-439F-B99B-F7D1A01BD9DD}.Release|Any CPU.ActiveCfg = Release|Any CPU
		{D7144AC6-0480-439F-B99B-F7D1A01BD9DD}.Release|Any CPU.Build.0 = Release|Any CPU
	EndGlobalSection
	GlobalSection(SolutionProperties) = preSolution
		HideSolutionNode = FALSE
	EndGlobalSection
	GlobalSection(ExtensibilityGlobals) = postSolution
		SolutionGuid = {E6677BD8-4C84-42EF-A236-8EF3863DDE77}
	EndGlobalSection
EndGlobal
